
Microsoft Visual Studio Solution File, Format Version 12.00
# Visual Studio 15
VisualStudioVersion = 15.0.28010.2019
MinimumVisualStudioVersion = 10.0.40219.1
Project("{FAE04EC0-301F-11D3-BF4B-00C04F79EFBC}") = "Picoage.Encryptor", "src\Picoage.Encryptor\Picoage.Encryptor.csproj", "{C5B6F9D2-95E1-4A68-BD8F-F71126EFEEDD}"
EndProject
Project("{2150E333-8FDC-42A3-9474-1A3956D46DE8}") = "Tests", "Tests", "{CF9453A3-7650-4289-9B49-79E93902C660}"
EndProject
Project("{FAE04EC0-301F-11D3-BF4B-00C04F79EFBC}") = "Picoage.Encryptor.Tests", "Picoage.Encryptor.Tests\Picoage.Encryptor.Tests.csproj", "{76594E9F-AC77-463B-B64E-F384A3877386}"
EndProject
Global
	GlobalSection(SolutionConfigurationPlatforms) = preSolution
		Debug|Any CPU = Debug|Any CPU
		Release|Any CPU = Release|Any CPU
	EndGlobalSection
	GlobalSection(ProjectConfigurationPlatforms) = postSolution
		{C5B6F9D2-95E1-4A68-BD8F-F71126EFEEDD}.Debug|Any CPU.ActiveCfg = Debug|Any CPU
		{C5B6F9D2-95E1-4A68-BD8F-F71126EFEEDD}.Debug|Any CPU.Build.0 = Debug|Any CPU
		{C5B6F9D2-95E1-4A68-BD8F-F71126EFEEDD}.Release|Any CPU.ActiveCfg = Release|Any CPU
		{C5B6F9D2-95E1-4A68-BD8F-F71126EFEEDD}.Release|Any CPU.Build.0 = Release|Any CPU
		{76594E9F-AC77-463B-B64E-F384A3877386}.Debug|Any CPU.ActiveCfg = Debug|Any CPU
		{76594E9F-AC77-463B-B64E-F384A3877386}.Debug|Any CPU.Build.0 = Debug|Any CPU
		{76594E9F-AC77-463B-B64E-F384A3877386}.Release|Any CPU.ActiveCfg = Release|Any CPU
		{76594E9F-AC77-463B-B64E-F384A3877386}.Release|Any CPU.Build.0 = Release|Any CPU
	EndGlobalSection
	GlobalSection(SolutionProperties) = preSolution
		HideSolutionNode = FALSE
	EndGlobalSection
	GlobalSection(NestedProjects) = preSolution
		{76594E9F-AC77-463B-B64E-F384A3877386} = {CF9453A3-7650-4289-9B49-79E93902C660}
	EndGlobalSection
	GlobalSection(ExtensibilityGlobals) = postSolution
		SolutionGuid = {965E3B6F-C699-4093-A0E7-C5DCABAC6FF4}
	EndGlobalSection
EndGlobal
